lockfileVersion: '9.0'

settings:
  autoInstallPeers: true
  excludeLinksFromLockfile: false

importers:

  .:
    dependencies:
      '@fingerprintjs/fingerprintjs':
        specifier: 4.5.0
        version: 4.5.0
      '@rrweb/record':
        specifier: 2.0.0-alpha.17
        version: 2.0.0-alpha.17

packages:

  '@fingerprintjs/fingerprintjs@4.5.0':
    resolution: {integrity: sha512-mFSQoxyt8SGGRp1QUlhcnVtquW2HzCKfHKxAoIurR6soIJpuK3VvZuH0sg8eNaHH2dJhI3mZOEUx4k+P4GqXzw==}

  '@rrweb/record@2.0.0-alpha.17':
    resolution: {integrity: sha512-Je+lzjeWMF8/I0IDoXFzkGPKT8j7AkaBup5YcwUHlkp18VhLVze416MvI6915teE27uUA2ScXMXzG0Yiu5VTIw==}

  '@rrweb/types@2.0.0-alpha.17':
    resolution: {integrity: sha512-AfDTVUuCyCaIG0lTSqYtrZqJX39ZEYzs4fYKnexhQ+id+kbZIpIJtaut5cto6dWZbB3SEe4fW0o90Po3LvTmfg==}

  '@rrweb/utils@2.0.0-alpha.17':
    resolution: {integrity: sha512-HCsasPERBwOS9/LQeOytO2ETKTCqRj1wORBuxiy3t41hKhmi225DdrUPiWnyDdTQm1GdVbOymMRknJVPnZaSXw==}

  '@types/css-font-loading-module@0.0.7':
    resolution: {integrity: sha512-nl09VhutdjINdWyXxHWN/w9zlNCfr60JUqJbd24YXUuCwgeL0TpFSdElCwb6cxfB6ybE19Gjj4g0jsgkXxKv1Q==}

  '@xstate/fsm@1.6.5':
    resolution: {integrity: sha512-b5o1I6aLNeYlU/3CPlj/Z91ybk1gUsKT+5NAJI+2W4UjvS5KLG28K9v5UvNoFVjHV8PajVZ00RH3vnjyQO7ZAw==}

  base64-arraybuffer@1.0.2:
    resolution: {integrity: sha512-I3yl4r9QB5ZRY3XuJVEPfc2XhZO6YweFPI+UovAzn+8/hb3oJ6lnysaFcjVpkCPfVWFUDvoZ8kmVDP7WyRtYtQ==}
    engines: {node: '>= 0.6.0'}

  mitt@3.0.1:
    resolution: {integrity: sha512-vKivATfr97l2/QBCYAkXYDbrIWPM2IIKEl7YPhjCvKlG3kE2gm+uBo6nEXK3M5/Ffh/FLpKExzOQ3JJoJGFKBw==}

  nanoid@3.3.7:
    resolution: {integrity: sha512-eSRppjcPIatRIMC1U6UngP8XFcz8MQWGQdt1MTBQ7NaAmvXDfvNxbvWV3x2y6CdEUciCSsDHDQZbhYaB8QEo2g==}
    engines: {node: ^10 || ^12 || ^13.7 || ^14 || >=15.0.1}
    hasBin: true

  picocolors@1.1.0:
    resolution: {integrity: sha512-TQ92mBOW0l3LeMeyLV6mzy/kWr8lkd/hp3mTg7wYK7zJhuBStmGMBG0BdeDZS/dZx1IukaX6Bk11zcln25o1Aw==}

  postcss@8.4.45:
    resolution: {integrity: sha512-7KTLTdzdZZYscUc65XmjFiB73vBhBfbPztCYdUNvlaso9PrzjzcmjqBPR0lNGkcVlcO4BjiO5rK/qNz+XAen1Q==}
    engines: {node: ^10 || ^12 || >=14}

  rrdom@2.0.0-alpha.17:
    resolution: {integrity: sha512-b6caDiNcFO96Opp7TGdcVd4OLGSXu5dJe+A0IDiAu8mk7OmhqZCSDlgQdTKmdO5wMf4zPsUTgb8H/aNvR3kDHA==}

  rrweb-snapshot@2.0.0-alpha.17:
    resolution: {integrity: sha512-GBg5pV8LHOTbeVmH2VHLEFR0mc2QpQMzAvcoxEGfPNWgWHc8UvKCyq7pqN1vA+fDZ+yXXbixeO0kB2pzVvFCBw==}

  rrweb@2.0.0-alpha.17:
    resolution: {integrity: sha512-GQxBkCC4r9XL2bwSdv7iIS49M3cEA8OtObVq0rrQ4GUT4+h7omucGQ4x7m5YN5Vq1oalStBaBlYqF7yRnfG3JA==}

  source-map-js@1.2.1:
    resolution: {integrity: sha512-UXWMKhLOwVKb728IUtQPXxfYU+usdybtUrK/8uGE8CQMvrhOpwvzDBwj0QhSL7MQc7vIsISBG8VQ8+IDQxpfQA==}
    engines: {node: '>=0.10.0'}

  tslib@2.7.0:
    resolution: {integrity: sha512-gLXCKdN1/j47AiHiOkJN69hJmcbGTHI0ImLmbYLHykhgeN0jVGola9yVjFgzCUklsZQMW55o+dW7IXv3RCXDzA==}

snapshots:

  '@fingerprintjs/fingerprintjs@4.5.0':
    dependencies:
      tslib: 2.7.0

  '@rrweb/record@2.0.0-alpha.17':
    dependencies:
      '@rrweb/types': 2.0.0-alpha.17
      rrweb: 2.0.0-alpha.17

  '@rrweb/types@2.0.0-alpha.17':
    dependencies:
      rrweb-snapshot: 2.0.0-alpha.17

  '@rrweb/utils@2.0.0-alpha.17': {}

  '@types/css-font-loading-module@0.0.7': {}

  '@xstate/fsm@1.6.5': {}

  base64-arraybuffer@1.0.2: {}

  mitt@3.0.1: {}

  nanoid@3.3.7: {}

  picocolors@1.1.0: {}

  postcss@8.4.45:
    dependencies:
      nanoid: 3.3.7
      picocolors: 1.1.0
      source-map-js: 1.2.1

  rrdom@2.0.0-alpha.17:
    dependencies:
      rrweb-snapshot: 2.0.0-alpha.17

  rrweb-snapshot@2.0.0-alpha.17:
    dependencies:
      postcss: 8.4.45

  rrweb@2.0.0-alpha.17:
    dependencies:
      '@rrweb/types': 2.0.0-alpha.17
      '@rrweb/utils': 2.0.0-alpha.17
      '@types/css-font-loading-module': 0.0.7
      '@xstate/fsm': 1.6.5
      base64-arraybuffer: 1.0.2
      mitt: 3.0.1
      rrdom: 2.0.0-alpha.17
      rrweb-snapshot: 2.0.0-alpha.17

  source-map-js@1.2.1: {}

  tslib@2.7.0: {}
