lockfileVersion: '9.0'

settings:
  autoInstallPeers: true
  excludeLinksFromLockfile: false

importers:

  .:
    dependencies:
      '@fingerprintjs/fingerprintjs':
        specifier: 4.6.1
        version: 4.6.1
      '@rrweb/record':
        specifier: 2.0.0-alpha.18
        version: 2.0.0-alpha.18

packages:

  '@fingerprintjs/fingerprintjs@4.6.1':
    resolution: {integrity: sha512-62TPnX6fXXMlxS7SOR3DJWEOKab7rCALwSWkuKWYMRrnsZ/jD9Ju4CUyy9VWDUYuhQ2ZW1RGLwOZJXTXR6K1pg==}

  '@rrweb/record@2.0.0-alpha.18':
    resolution: {integrity: sha512-WbzcybTEqT+cKkOnzYiyaAYvNzAIxTK9f8qNLNOG9lOqWsmi+qu/W7CEdxHmfjlfgXGw/f7bxGZggAWVaizKqg==}

  '@rrweb/types@2.0.0-alpha.18':
    resolution: {integrity: sha512-iMH3amHthJZ9x3gGmBPmdfim7wLGygC2GciIkw2A6SO8giSn8PHYtRT8OKNH4V+k3SZ6RSnYHcTQxBA7pSWZ3Q==}

  '@rrweb/utils@2.0.0-alpha.18':
    resolution: {integrity: sha512-qV8azQYo9RuwW4NGRtOiQfTBdHNL1B0Q//uRLMbCSjbaKqJYd88Js17Bdskj65a0Vgp2dwTLPIZ0gK47dfjfaA==}

  '@types/css-font-loading-module@0.0.7':
    resolution: {integrity: sha512-nl09VhutdjINdWyXxHWN/w9zlNCfr60JUqJbd24YXUuCwgeL0TpFSdElCwb6cxfB6ybE19Gjj4g0jsgkXxKv1Q==}

  '@xstate/fsm@1.6.5':
    resolution: {integrity: sha512-b5o1I6aLNeYlU/3CPlj/Z91ybk1gUsKT+5NAJI+2W4UjvS5KLG28K9v5UvNoFVjHV8PajVZ00RH3vnjyQO7ZAw==}

  base64-arraybuffer@1.0.2:
    resolution: {integrity: sha512-I3yl4r9QB5ZRY3XuJVEPfc2XhZO6YweFPI+UovAzn+8/hb3oJ6lnysaFcjVpkCPfVWFUDvoZ8kmVDP7WyRtYtQ==}
    engines: {node: '>= 0.6.0'}

  mitt@3.0.1:
    resolution: {integrity: sha512-vKivATfr97l2/QBCYAkXYDbrIWPM2IIKEl7YPhjCvKlG3kE2gm+uBo6nEXK3M5/Ffh/FLpKExzOQ3JJoJGFKBw==}

  nanoid@3.3.7:
    resolution: {integrity: sha512-eSRppjcPIatRIMC1U6UngP8XFcz8MQWGQdt1MTBQ7NaAmvXDfvNxbvWV3x2y6CdEUciCSsDHDQZbhYaB8QEo2g==}
    engines: {node: ^10 || ^12 || ^13.7 || ^14 || >=15.0.1}
    hasBin: true

  picocolors@1.1.0:
    resolution: {integrity: sha512-TQ92mBOW0l3LeMeyLV6mzy/kWr8lkd/hp3mTg7wYK7zJhuBStmGMBG0BdeDZS/dZx1IukaX6Bk11zcln25o1Aw==}

  postcss@8.4.45:
    resolution: {integrity: sha512-7KTLTdzdZZYscUc65XmjFiB73vBhBfbPztCYdUNvlaso9PrzjzcmjqBPR0lNGkcVlcO4BjiO5rK/qNz+XAen1Q==}
    engines: {node: ^10 || ^12 || >=14}

  rrdom@2.0.0-alpha.18:
    resolution: {integrity: sha512-fSFzFFxbqAViITyYVA4Z0o5G6p1nEqEr/N8vdgSKie9Rn0FJxDSNJgjV0yiCIzcDs0QR+hpvgFhpbdZ6JIr5Nw==}

  rrweb-snapshot@2.0.0-alpha.18:
    resolution: {integrity: sha512-hBHZL/NfgQX6wO1D9mpwqFu1NJPpim+moIcKhFEjVTZVRUfCln+LOugRc4teVTCISYHN8Cw5e2iNTWCSm+SkoA==}

  rrweb@2.0.0-alpha.18:
    resolution: {integrity: sha512-1mjZcB+LVoGSx1+i9E2ZdAP90fS3MghYVix2wvGlZvrgRuLCbTCCOZMztFCkKpgp7/EeCdYM4nIHJkKX5J1Nmg==}

  source-map-js@1.2.1:
    resolution: {integrity: sha512-UXWMKhLOwVKb728IUtQPXxfYU+usdybtUrK/8uGE8CQMvrhOpwvzDBwj0QhSL7MQc7vIsISBG8VQ8+IDQxpfQA==}
    engines: {node: '>=0.10.0'}

  tslib@2.7.0:
    resolution: {integrity: sha512-gLXCKdN1/j47AiHiOkJN69hJmcbGTHI0ImLmbYLHykhgeN0jVGola9yVjFgzCUklsZQMW55o+dW7IXv3RCXDzA==}

snapshots:

  '@fingerprintjs/fingerprintjs@4.6.1':
    dependencies:
      tslib: 2.7.0

  '@rrweb/record@2.0.0-alpha.18':
    dependencies:
      '@rrweb/types': 2.0.0-alpha.18
      rrweb: 2.0.0-alpha.18

  '@rrweb/types@2.0.0-alpha.18': {}

  '@rrweb/utils@2.0.0-alpha.18': {}

  '@types/css-font-loading-module@0.0.7': {}

  '@xstate/fsm@1.6.5': {}

  base64-arraybuffer@1.0.2: {}

  mitt@3.0.1: {}

  nanoid@3.3.7: {}

  picocolors@1.1.0: {}

  postcss@8.4.45:
    dependencies:
      nanoid: 3.3.7
      picocolors: 1.1.0
      source-map-js: 1.2.1

  rrdom@2.0.0-alpha.18:
    dependencies:
      rrweb-snapshot: 2.0.0-alpha.18

  rrweb-snapshot@2.0.0-alpha.18:
    dependencies:
      postcss: 8.4.45

  rrweb@2.0.0-alpha.18:
    dependencies:
      '@rrweb/types': 2.0.0-alpha.18
      '@rrweb/utils': 2.0.0-alpha.18
      '@types/css-font-loading-module': 0.0.7
      '@xstate/fsm': 1.6.5
      base64-arraybuffer: 1.0.2
      mitt: 3.0.1
      rrdom: 2.0.0-alpha.18
      rrweb-snapshot: 2.0.0-alpha.18

  source-map-js@1.2.1: {}

  tslib@2.7.0: {}
